
Microsoft Visual Studio Solution File, Format Version 12.00
Project("{FAE04EC0-301F-11D3-BF4B-00C04F79EFBC}") = "Practice1.Task1A", "Practice1.Task1A\Practice1.Task1A.csproj", "{21160627-7897-4602-8B99-29F1F15E77F5}"
EndProject
Project("{FAE04EC0-301F-11D3-BF4B-00C04F79EFBC}") = "Practice1.Task1B", "Practice1.Task1B\Practice1.Task1B.csproj", "{07B41CA5-5DBF-4F3A-AB40-6693E9F04573}"
EndProject
Project("{2150E333-8FDC-42A3-9474-1A3956D46DE8}") = "Practice2", "Practice2", "{882103BB-A616-4756-8E68-E4DC60F791C4}"
EndProject
Project("{FAE04EC0-301F-11D3-BF4B-00C04F79EFBC}") = "Practice2.Task1", "Practice2.Task1\Practice2.Task1.csproj", "{12FB0444-7DBA-4A7E-ACF3-AF6E8FA0302D}"
EndProject
Project("{2150E333-8FDC-42A3-9474-1A3956D46DE8}") = "Practice1", "Practice1", "{C32CD9D7-60CB-4536-861E-4428BA5AB5C8}"
EndProject
Project("{FAE04EC0-301F-11D3-BF4B-00C04F79EFBC}") = "Practice1.Task1", "Practice1.Task1\Practice1.Task1.csproj", "{54B4A9A1-253F-47E8-BED3-9FC87A99E4EE}"
EndProject
Project("{FAE04EC0-301F-11D3-BF4B-00C04F79EFBC}") = "Practice1.Task2", "Practice1.Task2\Practice1.Task2.csproj", "{949F50BC-4A3B-4BC6-B7EE-DC2C765EB006}"
EndProject
Project("{FAE04EC0-301F-11D3-BF4B-00C04F79EFBC}") = "Practice1.Task3", "Practice1.Task3\Practice1.Task3.csproj", "{9D7CBBE4-4BC4-47E5-98AA-AADB3CB857BB}"
EndProject
Project("{FAE04EC0-301F-11D3-BF4B-00C04F79EFBC}") = "Practice1.Task4", "Practice1.Task4\Practice1.Task4.csproj", "{D21F893E-81F6-4280-979B-24076AB66496}"
EndProject
Project("{FAE04EC0-301F-11D3-BF4B-00C04F79EFBC}") = "Practice1.Task5", "Practice1.Task5\Practice1.Task5.csproj", "{B0D4B573-F100-48BC-84DE-9780FB3CEAC4}"
EndProject
Project("{FAE04EC0-301F-11D3-BF4B-00C04F79EFBC}") = "Practice1.Task6", "Practice1.Task6\Practice1.Task6.csproj", "{A68B1B3E-13EC-4FAA-A919-242D922F8A1E}"
EndProject
Project("{FAE04EC0-301F-11D3-BF4B-00C04F79EFBC}") = "Practice2.Task2", "Practice2.Task2\Practice2.Task2.csproj", "{280762DE-D9E3-45EA-A70F-EC1891A0051C}"
EndProject
Project("{FAE04EC0-301F-11D3-BF4B-00C04F79EFBC}") = "Practice2.Task3", "Practice2.Task3\Practice2.Task3.csproj", "{CDF3A068-8E8F-43CF-BA14-FA09D43F9210}"
EndProject
Project("{FAE04EC0-301F-11D3-BF4B-00C04F79EFBC}") = "Practice2.Task4", "Practice2.Task4\Practice2.Task4.csproj", "{E27666C1-8DC6-4795-AE58-7E4546862B11}"
EndProject
Project("{FAE04EC0-301F-11D3-BF4B-00C04F79EFBC}") = "Practice2.Task5", "Practice2.Task5\Practice2.Task5.csproj", "{57DCB747-1978-46EF-A856-B7331C31B3B1}"
EndProject
Project("{FAE04EC0-301F-11D3-BF4B-00C04F79EFBC}") = "Practice2.Task6", "Practice2.Task6\Practice2.Task6.csproj", "{8EB89559-711C-4456-A034-CB401BCD3FA8}"
EndProject
Project("{FAE04EC0-301F-11D3-BF4B-00C04F79EFBC}") = "Practice2.Task7", "Practice2.Task7\Practice2.Task7.csproj", "{AEF9A168-8162-4A92-892A-390F3732F58C}"
EndProject
Project("{FAE04EC0-301F-11D3-BF4B-00C04F79EFBC}") = "Practice2.Task8", "Practice2.Task8\Practice2.Task8.csproj", "{F380CD47-A1A0-4405-B4D1-1010FDF862A5}"
EndProject
Project("{FAE04EC0-301F-11D3-BF4B-00C04F79EFBC}") = "Practice2.Task9", "Practice2.Task9\Practice2.Task9.csproj", "{D72EE214-C7A6-4BDC-8F84-02881AC26B80}"
EndProject
Project("{FAE04EC0-301F-11D3-BF4B-00C04F79EFBC}") = "Practice2.Task10", "Practice2.Task10\Practice2.Task10.csproj", "{1F2B5325-7EC4-4205-B1A9-AA8F20FA6CBA}"
EndProject
Project("{FAE04EC0-301F-11D3-BF4B-00C04F79EFBC}") = "Practice2.Task11", "Practice2.Task11\Practice2.Task11.csproj", "{BE5D6702-5D14-4916-BDB1-C538EE862AA3}"
EndProject
Project("{FAE04EC0-301F-11D3-BF4B-00C04F79EFBC}") = "Practice2.Task12", "Practice2.Task12\Practice2.Task12.csproj", "{0C676928-ABC7-464E-9FCB-0972621C483F}"
EndProject
Project("{FAE04EC0-301F-11D3-BF4B-00C04F79EFBC}") = "Practice2.Task13", "Practice2.Task13\Practice2.Task13.csproj", "{2C624698-92C9-4487-9C17-CD35DE9CE05A}"
EndProject
Project("{FAE04EC0-301F-11D3-BF4B-00C04F79EFBC}") = "Practice2.Task14", "Practice2.Task14\Practice2.Task14.csproj", "{FC5057CD-B170-4396-B9F3-EF51305763D4}"
EndProject
Project("{FAE04EC0-301F-11D3-BF4B-00C04F79EFBC}") = "Practice2.Task15", "Practice2.Task15\Practice2.Task15.csproj", "{A0B78C65-3B6E-4C93-850B-B08C350AA0ED}"
EndProject
Project("{FAE04EC0-301F-11D3-BF4B-00C04F79EFBC}") = "Practice2.Task16", "Practice2.Task16\Practice2.Task16.csproj", "{B66F6D58-B960-424F-BA37-8C07EFBD71A6}"
EndProject
Project("{FAE04EC0-301F-11D3-BF4B-00C04F79EFBC}") = "Practice2.Task17", "Practice2.Task17\Practice2.Task17.csproj", "{72489B62-4D5F-49B2-8A2B-3C2901193047}"
EndProject
Project("{FAE04EC0-301F-11D3-BF4B-00C04F79EFBC}") = "Practice2.Task18", "Practice2.Task18\Practice2.Task18.csproj", "{D044905A-0AF9-4EDB-9A23-DD9EE074D18D}"
EndProject
Project("{FAE04EC0-301F-11D3-BF4B-00C04F79EFBC}") = "Practice2.Task19", "Practice2.Task19\Practice2.Task19.csproj", "{B905F45C-F5FE-46A3-BCC0-D6604BED29B2}"
EndProject
Project("{FAE04EC0-301F-11D3-BF4B-00C04F79EFBC}") = "Practice2.Task20", "Practice2.Task20\Practice2.Task20.csproj", "{9C472BE2-4D8A-4BC5-97DD-643A0A43AACD}"
EndProject
Project("{FAE04EC0-301F-11D3-BF4B-00C04F79EFBC}") = "Practice2.Task21", "Practice2.Task21\Practice2.Task21.csproj", "{F269A0EA-8C32-45E0-9651-9D7E9FEA3B12}"
EndProject
Project("{FAE04EC0-301F-11D3-BF4B-00C04F79EFBC}") = "Practice2.Task22", "Practice2.Task22\Practice2.Task22.csproj", "{AEEE4F51-9F9E-4B5A-8E89-C2D407171AB1}"
EndProject
Project("{FAE04EC0-301F-11D3-BF4B-00C04F79EFBC}") = "Practice2.Task23", "Practice2.Task23\Practice2.Task23.csproj", "{13917B53-B13B-4712-8B6C-C0DF757F87A1}"
EndProject
Project("{FAE04EC0-301F-11D3-BF4B-00C04F79EFBC}") = "Practice2.Task24", "Practice2.Task24\Practice2.Task24.csproj", "{F9ECA335-26CE-4E86-9709-21B4FB45A451}"
EndProject
Project("{FAE04EC0-301F-11D3-BF4B-00C04F79EFBC}") = "Practice2.Task25", "Practice2.Task25\Practice2.Task25.csproj", "{70C8F569-5154-4C3E-9034-28CBA0BD0E94}"
EndProject
Global
	GlobalSection(SolutionConfigurationPlatforms) = preSolution
		Debug|Any CPU = Debug|Any CPU
		Release|Any CPU = Release|Any CPU
	EndGlobalSection
	GlobalSection(ProjectConfigurationPlatforms) = postSolution
		{21160627-7897-4602-8B99-29F1F15E77F5}.Debug|Any CPU.ActiveCfg = Debug|Any CPU
		{21160627-7897-4602-8B99-29F1F15E77F5}.Debug|Any CPU.Build.0 = Debug|Any CPU
		{21160627-7897-4602-8B99-29F1F15E77F5}.Release|Any CPU.ActiveCfg = Release|Any CPU
		{21160627-7897-4602-8B99-29F1F15E77F5}.Release|Any CPU.Build.0 = Release|Any CPU
		{07B41CA5-5DBF-4F3A-AB40-6693E9F04573}.Debug|Any CPU.ActiveCfg = Debug|Any CPU
		{07B41CA5-5DBF-4F3A-AB40-6693E9F04573}.Debug|Any CPU.Build.0 = Debug|Any CPU
		{07B41CA5-5DBF-4F3A-AB40-6693E9F04573}.Release|Any CPU.ActiveCfg = Release|Any CPU
		{07B41CA5-5DBF-4F3A-AB40-6693E9F04573}.Release|Any CPU.Build.0 = Release|Any CPU
		{12FB0444-7DBA-4A7E-ACF3-AF6E8FA0302D}.Debug|Any CPU.ActiveCfg = Debug|Any CPU
		{12FB0444-7DBA-4A7E-ACF3-AF6E8FA0302D}.Debug|Any CPU.Build.0 = Debug|Any CPU
		{12FB0444-7DBA-4A7E-ACF3-AF6E8FA0302D}.Release|Any CPU.ActiveCfg = Release|Any CPU
		{12FB0444-7DBA-4A7E-ACF3-AF6E8FA0302D}.Release|Any CPU.Build.0 = Release|Any CPU
		{54B4A9A1-253F-47E8-BED3-9FC87A99E4EE}.Debug|Any CPU.ActiveCfg = Debug|Any CPU
		{54B4A9A1-253F-47E8-BED3-9FC87A99E4EE}.Debug|Any CPU.Build.0 = Debug|Any CPU
		{54B4A9A1-253F-47E8-BED3-9FC87A99E4EE}.Release|Any CPU.ActiveCfg = Release|Any CPU
		{54B4A9A1-253F-47E8-BED3-9FC87A99E4EE}.Release|Any CPU.Build.0 = Release|Any CPU
		{949F50BC-4A3B-4BC6-B7EE-DC2C765EB006}.Debug|Any CPU.ActiveCfg = Debug|Any CPU
		{949F50BC-4A3B-4BC6-B7EE-DC2C765EB006}.Debug|Any CPU.Build.0 = Debug|Any CPU
		{949F50BC-4A3B-4BC6-B7EE-DC2C765EB006}.Release|Any CPU.ActiveCfg = Release|Any CPU
		{949F50BC-4A3B-4BC6-B7EE-DC2C765EB006}.Release|Any CPU.Build.0 = Release|Any CPU
		{9D7CBBE4-4BC4-47E5-98AA-AADB3CB857BB}.Debug|Any CPU.ActiveCfg = Debug|Any CPU
		{9D7CBBE4-4BC4-47E5-98AA-AADB3CB857BB}.Debug|Any CPU.Build.0 = Debug|Any CPU
		{9D7CBBE4-4BC4-47E5-98AA-AADB3CB857BB}.Release|Any CPU.ActiveCfg = Release|Any CPU
		{9D7CBBE4-4BC4-47E5-98AA-AADB3CB857BB}.Release|Any CPU.Build.0 = Release|Any CPU
		{D21F893E-81F6-4280-979B-24076AB66496}.Debug|Any CPU.ActiveCfg = Debug|Any CPU
		{D21F893E-81F6-4280-979B-24076AB66496}.Debug|Any CPU.Build.0 = Debug|Any CPU
		{D21F893E-81F6-4280-979B-24076AB66496}.Release|Any CPU.ActiveCfg = Release|Any CPU
		{D21F893E-81F6-4280-979B-24076AB66496}.Release|Any CPU.Build.0 = Release|Any CPU
		{B0D4B573-F100-48BC-84DE-9780FB3CEAC4}.Debug|Any CPU.ActiveCfg = Debug|Any CPU
		{B0D4B573-F100-48BC-84DE-9780FB3CEAC4}.Debug|Any CPU.Build.0 = Debug|Any CPU
		{B0D4B573-F100-48BC-84DE-9780FB3CEAC4}.Release|Any CPU.ActiveCfg = Release|Any CPU
		{B0D4B573-F100-48BC-84DE-9780FB3CEAC4}.Release|Any CPU.Build.0 = Release|Any CPU
		{A68B1B3E-13EC-4FAA-A919-242D922F8A1E}.Debug|Any CPU.ActiveCfg = Debug|Any CPU
		{A68B1B3E-13EC-4FAA-A919-242D922F8A1E}.Debug|Any CPU.Build.0 = Debug|Any CPU
		{A68B1B3E-13EC-4FAA-A919-242D922F8A1E}.Release|Any CPU.ActiveCfg = Release|Any CPU
		{A68B1B3E-13EC-4FAA-A919-242D922F8A1E}.Release|Any CPU.Build.0 = Release|Any CPU
		{280762DE-D9E3-45EA-A70F-EC1891A0051C}.Debug|Any CPU.ActiveCfg = Debug|Any CPU
		{280762DE-D9E3-45EA-A70F-EC1891A0051C}.Debug|Any CPU.Build.0 = Debug|Any CPU
		{280762DE-D9E3-45EA-A70F-EC1891A0051C}.Release|Any CPU.ActiveCfg = Release|Any CPU
		{280762DE-D9E3-45EA-A70F-EC1891A0051C}.Release|Any CPU.Build.0 = Release|Any CPU
		{CDF3A068-8E8F-43CF-BA14-FA09D43F9210}.Debug|Any CPU.ActiveCfg = Debug|Any CPU
		{CDF3A068-8E8F-43CF-BA14-FA09D43F9210}.Debug|Any CPU.Build.0 = Debug|Any CPU
		{CDF3A068-8E8F-43CF-BA14-FA09D43F9210}.Release|Any CPU.ActiveCfg = Release|Any CPU
		{CDF3A068-8E8F-43CF-BA14-FA09D43F9210}.Release|Any CPU.Build.0 = Release|Any CPU
		{E27666C1-8DC6-4795-AE58-7E4546862B11}.Debug|Any CPU.ActiveCfg = Debug|Any CPU
		{E27666C1-8DC6-4795-AE58-7E4546862B11}.Debug|Any CPU.Build.0 = Debug|Any CPU
		{E27666C1-8DC6-4795-AE58-7E4546862B11}.Release|Any CPU.ActiveCfg = Release|Any CPU
		{E27666C1-8DC6-4795-AE58-7E4546862B11}.Release|Any CPU.Build.0 = Release|Any CPU
		{57DCB747-1978-46EF-A856-B7331C31B3B1}.Debug|Any CPU.ActiveCfg = Debug|Any CPU
		{57DCB747-1978-46EF-A856-B7331C31B3B1}.Debug|Any CPU.Build.0 = Debug|Any CPU
		{57DCB747-1978-46EF-A856-B7331C31B3B1}.Release|Any CPU.ActiveCfg = Release|Any CPU
		{57DCB747-1978-46EF-A856-B7331C31B3B1}.Release|Any CPU.Build.0 = Release|Any CPU
		{8EB89559-711C-4456-A034-CB401BCD3FA8}.Debug|Any CPU.ActiveCfg = Debug|Any CPU
		{8EB89559-711C-4456-A034-CB401BCD3FA8}.Debug|Any CPU.Build.0 = Debug|Any CPU
		{8EB89559-711C-4456-A034-CB401BCD3FA8}.Release|Any CPU.ActiveCfg = Release|Any CPU
		{8EB89559-711C-4456-A034-CB401BCD3FA8}.Release|Any CPU.Build.0 = Release|Any CPU
		{AEF9A168-8162-4A92-892A-390F3732F58C}.Debug|Any CPU.ActiveCfg = Debug|Any CPU
		{AEF9A168-8162-4A92-892A-390F3732F58C}.Debug|Any CPU.Build.0 = Debug|Any CPU
		{AEF9A168-8162-4A92-892A-390F3732F58C}.Release|Any CPU.ActiveCfg = Release|Any CPU
		{AEF9A168-8162-4A92-892A-390F3732F58C}.Release|Any CPU.Build.0 = Release|Any CPU
		{F380CD47-A1A0-4405-B4D1-1010FDF862A5}.Debug|Any CPU.ActiveCfg = Debug|Any CPU
		{F380CD47-A1A0-4405-B4D1-1010FDF862A5}.Debug|Any CPU.Build.0 = Debug|Any CPU
		{F380CD47-A1A0-4405-B4D1-1010FDF862A5}.Release|Any CPU.ActiveCfg = Release|Any CPU
		{F380CD47-A1A0-4405-B4D1-1010FDF862A5}.Release|Any CPU.Build.0 = Release|Any CPU
		{D72EE214-C7A6-4BDC-8F84-02881AC26B80}.Debug|Any CPU.ActiveCfg = Debug|Any CPU
		{D72EE214-C7A6-4BDC-8F84-02881AC26B80}.Debug|Any CPU.Build.0 = Debug|Any CPU
		{D72EE214-C7A6-4BDC-8F84-02881AC26B80}.Release|Any CPU.ActiveCfg = Release|Any CPU
		{D72EE214-C7A6-4BDC-8F84-02881AC26B80}.Release|Any CPU.Build.0 = Release|Any CPU
		{1F2B5325-7EC4-4205-B1A9-AA8F20FA6CBA}.Debug|Any CPU.ActiveCfg = Debug|Any CPU
		{1F2B5325-7EC4-4205-B1A9-AA8F20FA6CBA}.Debug|Any CPU.Build.0 = Debug|Any CPU
		{1F2B5325-7EC4-4205-B1A9-AA8F20FA6CBA}.Release|Any CPU.ActiveCfg = Release|Any CPU
		{1F2B5325-7EC4-4205-B1A9-AA8F20FA6CBA}.Release|Any CPU.Build.0 = Release|Any CPU
		{BE5D6702-5D14-4916-BDB1-C538EE862AA3}.Debug|Any CPU.ActiveCfg = Debug|Any CPU
		{BE5D6702-5D14-4916-BDB1-C538EE862AA3}.Debug|Any CPU.Build.0 = Debug|Any CPU
		{BE5D6702-5D14-4916-BDB1-C538EE862AA3}.Release|Any CPU.ActiveCfg = Release|Any CPU
		{BE5D6702-5D14-4916-BDB1-C538EE862AA3}.Release|Any CPU.Build.0 = Release|Any CPU
		{0C676928-ABC7-464E-9FCB-0972621C483F}.Debug|Any CPU.ActiveCfg = Debug|Any CPU
		{0C676928-ABC7-464E-9FCB-0972621C483F}.Debug|Any CPU.Build.0 = Debug|Any CPU
		{0C676928-ABC7-464E-9FCB-0972621C483F}.Release|Any CPU.ActiveCfg = Release|Any CPU
		{0C676928-ABC7-464E-9FCB-0972621C483F}.Release|Any CPU.Build.0 = Release|Any CPU
		{2C624698-92C9-4487-9C17-CD35DE9CE05A}.Debug|Any CPU.ActiveCfg = Debug|Any CPU
		{2C624698-92C9-4487-9C17-CD35DE9CE05A}.Debug|Any CPU.Build.0 = Debug|Any CPU
		{2C624698-92C9-4487-9C17-CD35DE9CE05A}.Release|Any CPU.ActiveCfg = Release|Any CPU
		{2C624698-92C9-4487-9C17-CD35DE9CE05A}.Release|Any CPU.Build.0 = Release|Any CPU
		{FC5057CD-B170-4396-B9F3-EF51305763D4}.Debug|Any CPU.ActiveCfg = Debug|Any CPU
		{FC5057CD-B170-4396-B9F3-EF51305763D4}.Debug|Any CPU.Build.0 = Debug|Any CPU
		{FC5057CD-B170-4396-B9F3-EF51305763D4}.Release|Any CPU.ActiveCfg = Release|Any CPU
		{FC5057CD-B170-4396-B9F3-EF51305763D4}.Release|Any CPU.Build.0 = Release|Any CPU
		{A0B78C65-3B6E-4C93-850B-B08C350AA0ED}.Debug|Any CPU.ActiveCfg = Debug|Any CPU
		{A0B78C65-3B6E-4C93-850B-B08C350AA0ED}.Debug|Any CPU.Build.0 = Debug|Any CPU
		{A0B78C65-3B6E-4C93-850B-B08C350AA0ED}.Release|Any CPU.ActiveCfg = Release|Any CPU
		{A0B78C65-3B6E-4C93-850B-B08C350AA0ED}.Release|Any CPU.Build.0 = Release|Any CPU
		{B66F6D58-B960-424F-BA37-8C07EFBD71A6}.Debug|Any CPU.ActiveCfg = Debug|Any CPU
		{B66F6D58-B960-424F-BA37-8C07EFBD71A6}.Debug|Any CPU.Build.0 = Debug|Any CPU
		{B66F6D58-B960-424F-BA37-8C07EFBD71A6}.Release|Any CPU.ActiveCfg = Release|Any CPU
		{B66F6D58-B960-424F-BA37-8C07EFBD71A6}.Release|Any CPU.Build.0 = Release|Any CPU
		{72489B62-4D5F-49B2-8A2B-3C2901193047}.Debug|Any CPU.ActiveCfg = Debug|Any CPU
		{72489B62-4D5F-49B2-8A2B-3C2901193047}.Debug|Any CPU.Build.0 = Debug|Any CPU
		{72489B62-4D5F-49B2-8A2B-3C2901193047}.Release|Any CPU.ActiveCfg = Release|Any CPU
		{72489B62-4D5F-49B2-8A2B-3C2901193047}.Release|Any CPU.Build.0 = Release|Any CPU
		{D044905A-0AF9-4EDB-9A23-DD9EE074D18D}.Debug|Any CPU.ActiveCfg = Debug|Any CPU
		{D044905A-0AF9-4EDB-9A23-DD9EE074D18D}.Debug|Any CPU.Build.0 = Debug|Any CPU
		{D044905A-0AF9-4EDB-9A23-DD9EE074D18D}.Release|Any CPU.ActiveCfg = Release|Any CPU
		{D044905A-0AF9-4EDB-9A23-DD9EE074D18D}.Release|Any CPU.Build.0 = Release|Any CPU
		{B905F45C-F5FE-46A3-BCC0-D6604BED29B2}.Debug|Any CPU.ActiveCfg = Debug|Any CPU
		{B905F45C-F5FE-46A3-BCC0-D6604BED29B2}.Debug|Any CPU.Build.0 = Debug|Any CPU
		{B905F45C-F5FE-46A3-BCC0-D6604BED29B2}.Release|Any CPU.ActiveCfg = Release|Any CPU
		{B905F45C-F5FE-46A3-BCC0-D6604BED29B2}.Release|Any CPU.Build.0 = Release|Any CPU
		{9C472BE2-4D8A-4BC5-97DD-643A0A43AACD}.Debug|Any CPU.ActiveCfg = Debug|Any CPU
		{9C472BE2-4D8A-4BC5-97DD-643A0A43AACD}.Debug|Any CPU.Build.0 = Debug|Any CPU
		{9C472BE2-4D8A-4BC5-97DD-643A0A43AACD}.Release|Any CPU.ActiveCfg = Release|Any CPU
		{9C472BE2-4D8A-4BC5-97DD-643A0A43AACD}.Release|Any CPU.Build.0 = Release|Any CPU
		{F269A0EA-8C32-45E0-9651-9D7E9FEA3B12}.Debug|Any CPU.ActiveCfg = Debug|Any CPU
		{F269A0EA-8C32-45E0-9651-9D7E9FEA3B12}.Debug|Any CPU.Build.0 = Debug|Any CPU
		{F269A0EA-8C32-45E0-9651-9D7E9FEA3B12}.Release|Any CPU.ActiveCfg = Release|Any CPU
		{F269A0EA-8C32-45E0-9651-9D7E9FEA3B12}.Release|Any CPU.Build.0 = Release|Any CPU
		{AEEE4F51-9F9E-4B5A-8E89-C2D407171AB1}.Debug|Any CPU.ActiveCfg = Debug|Any CPU
		{AEEE4F51-9F9E-4B5A-8E89-C2D407171AB1}.Debug|Any CPU.Build.0 = Debug|Any CPU
		{AEEE4F51-9F9E-4B5A-8E89-C2D407171AB1}.Release|Any CPU.ActiveCfg = Release|Any CPU
		{AEEE4F51-9F9E-4B5A-8E89-C2D407171AB1}.Release|Any CPU.Build.0 = Release|Any CPU
		{13917B53-B13B-4712-8B6C-C0DF757F87A1}.Debug|Any CPU.ActiveCfg = Debug|Any CPU
		{13917B53-B13B-4712-8B6C-C0DF757F87A1}.Debug|Any CPU.Build.0 = Debug|Any CPU
		{13917B53-B13B-4712-8B6C-C0DF757F87A1}.Release|Any CPU.ActiveCfg = Release|Any CPU
		{13917B53-B13B-4712-8B6C-C0DF757F87A1}.Release|Any CPU.Build.0 = Release|Any CPU
		{F9ECA335-26CE-4E86-9709-21B4FB45A451}.Debug|Any CPU.ActiveCfg = Debug|Any CPU
		{F9ECA335-26CE-4E86-9709-21B4FB45A451}.Debug|Any CPU.Build.0 = Debug|Any CPU
		{F9ECA335-26CE-4E86-9709-21B4FB45A451}.Release|Any CPU.ActiveCfg = Release|Any CPU
		{F9ECA335-26CE-4E86-9709-21B4FB45A451}.Release|Any CPU.Build.0 = Release|Any CPU
		{70C8F569-5154-4C3E-9034-28CBA0BD0E94}.Debug|Any CPU.ActiveCfg = Debug|Any CPU
		{70C8F569-5154-4C3E-9034-28CBA0BD0E94}.Debug|Any CPU.Build.0 = Debug|Any CPU
		{70C8F569-5154-4C3E-9034-28CBA0BD0E94}.Release|Any CPU.ActiveCfg = Release|Any CPU
		{70C8F569-5154-4C3E-9034-28CBA0BD0E94}.Release|Any CPU.Build.0 = Release|Any CPU
	EndGlobalSection
	GlobalSection(NestedProjects) = preSolution
		{12FB0444-7DBA-4A7E-ACF3-AF6E8FA0302D} = {882103BB-A616-4756-8E68-E4DC60F791C4}
		{21160627-7897-4602-8B99-29F1F15E77F5} = {C32CD9D7-60CB-4536-861E-4428BA5AB5C8}
		{07B41CA5-5DBF-4F3A-AB40-6693E9F04573} = {C32CD9D7-60CB-4536-861E-4428BA5AB5C8}
		{54B4A9A1-253F-47E8-BED3-9FC87A99E4EE} = {C32CD9D7-60CB-4536-861E-4428BA5AB5C8}
		{949F50BC-4A3B-4BC6-B7EE-DC2C765EB006} = {C32CD9D7-60CB-4536-861E-4428BA5AB5C8}
		{9D7CBBE4-4BC4-47E5-98AA-AADB3CB857BB} = {C32CD9D7-60CB-4536-861E-4428BA5AB5C8}
		{D21F893E-81F6-4280-979B-24076AB66496} = {C32CD9D7-60CB-4536-861E-4428BA5AB5C8}
		{B0D4B573-F100-48BC-84DE-9780FB3CEAC4} = {C32CD9D7-60CB-4536-861E-4428BA5AB5C8}
		{A68B1B3E-13EC-4FAA-A919-242D922F8A1E} = {C32CD9D7-60CB-4536-861E-4428BA5AB5C8}
		{280762DE-D9E3-45EA-A70F-EC1891A0051C} = {882103BB-A616-4756-8E68-E4DC60F791C4}
		{CDF3A068-8E8F-43CF-BA14-FA09D43F9210} = {882103BB-A616-4756-8E68-E4DC60F791C4}
		{E27666C1-8DC6-4795-AE58-7E4546862B11} = {882103BB-A616-4756-8E68-E4DC60F791C4}
		{57DCB747-1978-46EF-A856-B7331C31B3B1} = {882103BB-A616-4756-8E68-E4DC60F791C4}
		{8EB89559-711C-4456-A034-CB401BCD3FA8} = {882103BB-A616-4756-8E68-E4DC60F791C4}
		{AEF9A168-8162-4A92-892A-390F3732F58C} = {882103BB-A616-4756-8E68-E4DC60F791C4}
		{F380CD47-A1A0-4405-B4D1-1010FDF862A5} = {882103BB-A616-4756-8E68-E4DC60F791C4}
		{D72EE214-C7A6-4BDC-8F84-02881AC26B80} = {882103BB-A616-4756-8E68-E4DC60F791C4}
		{1F2B5325-7EC4-4205-B1A9-AA8F20FA6CBA} = {882103BB-A616-4756-8E68-E4DC60F791C4}
		{BE5D6702-5D14-4916-BDB1-C538EE862AA3} = {882103BB-A616-4756-8E68-E4DC60F791C4}
		{0C676928-ABC7-464E-9FCB-0972621C483F} = {882103BB-A616-4756-8E68-E4DC60F791C4}
		{2C624698-92C9-4487-9C17-CD35DE9CE05A} = {882103BB-A616-4756-8E68-E4DC60F791C4}
		{FC5057CD-B170-4396-B9F3-EF51305763D4} = {882103BB-A616-4756-8E68-E4DC60F791C4}
		{A0B78C65-3B6E-4C93-850B-B08C350AA0ED} = {882103BB-A616-4756-8E68-E4DC60F791C4}
		{B66F6D58-B960-424F-BA37-8C07EFBD71A6} = {882103BB-A616-4756-8E68-E4DC60F791C4}
		{72489B62-4D5F-49B2-8A2B-3C2901193047} = {882103BB-A616-4756-8E68-E4DC60F791C4}
		{D044905A-0AF9-4EDB-9A23-DD9EE074D18D} = {882103BB-A616-4756-8E68-E4DC60F791C4}
		{B905F45C-F5FE-46A3-BCC0-D6604BED29B2} = {882103BB-A616-4756-8E68-E4DC60F791C4}
		{9C472BE2-4D8A-4BC5-97DD-643A0A43AACD} = {882103BB-A616-4756-8E68-E4DC60F791C4}
		{F269A0EA-8C32-45E0-9651-9D7E9FEA3B12} = {882103BB-A616-4756-8E68-E4DC60F791C4}
		{AEEE4F51-9F9E-4B5A-8E89-C2D407171AB1} = {882103BB-A616-4756-8E68-E4DC60F791C4}
		{13917B53-B13B-4712-8B6C-C0DF757F87A1} = {882103BB-A616-4756-8E68-E4DC60F791C4}
		{F9ECA335-26CE-4E86-9709-21B4FB45A451} = {882103BB-A616-4756-8E68-E4DC60F791C4}
		{70C8F569-5154-4C3E-9034-28CBA0BD0E94} = {882103BB-A616-4756-8E68-E4DC60F791C4}
	EndGlobalSection
EndGlobal
